
Microsoft Visual Studio Solution File, Format Version 12.00
# Visual Studio Version 17
VisualStudioVersion = 17.11.35312.102
MinimumVisualStudioVersion = 10.0.40219.1
Project("{FAE04EC0-301F-11D3-BF4B-00C04F79EFBC}") = "4 set 1", "4 set 1.csproj", "{98C98D15-837A-4D8E-BC3B-7AEF05791EB9}"
EndProject
Global
	GlobalSection(SolutionConfigurationPlatforms) = preSolution
		Debug|Any CPU = Debug|Any CPU
		Release|Any CPU = Release|Any CPU
	EndGlobalSection
	GlobalSection(ProjectConfigurationPlatforms) = postSolution
		{98C98D15-837A-4D8E-BC3B-7AEF05791EB9}.Debug|Any CPU.ActiveCfg = Debug|Any CPU
		{98C98D15-837A-4D8E-BC3B-7AEF05791EB9}.Debug|Any CPU.Build.0 = Debug|Any CPU
		{98C98D15-837A-4D8E-BC3B-7AEF05791EB9}.Release|Any CPU.ActiveCfg = Release|Any CPU
		{98C98D15-837A-4D8E-BC3B-7AEF05791EB9}.Release|Any CPU.Build.0 = Release|Any CPU
	EndGlobalSection
	GlobalSection(SolutionProperties) = preSolution
		HideSolutionNode = FALSE
	EndGlobalSection
	GlobalSection(ExtensibilityGlobals) = postSolution
		SolutionGuid = {C7015371-F6D6-4B3E-B81C-CE28EA6DB1A2}
	EndGlobalSection
EndGlobal
