
Microsoft Visual Studio Solution File, Format Version 12.00
# Visual Studio Version 17
VisualStudioVersion = 17.11.35312.102
MinimumVisualStudioVersion = 10.0.40219.1
Project("{FAE04EC0-301F-11D3-BF4B-00C04F79EFBC}") = "7 set 1", "7 set 1.csproj", "{42BD48D3-8D23-4EE5-8295-A52A31B69341}"
EndProject
Global
	GlobalSection(SolutionConfigurationPlatforms) = preSolution
		Debug|Any CPU = Debug|Any CPU
		Release|Any CPU = Release|Any CPU
	EndGlobalSection
	GlobalSection(ProjectConfigurationPlatforms) = postSolution
		{42BD48D3-8D23-4EE5-8295-A52A31B69341}.Debug|Any CPU.ActiveCfg = Debug|Any CPU
		{42BD48D3-8D23-4EE5-8295-A52A31B69341}.Debug|Any CPU.Build.0 = Debug|Any CPU
		{42BD48D3-8D23-4EE5-8295-A52A31B69341}.Release|Any CPU.ActiveCfg = Release|Any CPU
		{42BD48D3-8D23-4EE5-8295-A52A31B69341}.Release|Any CPU.Build.0 = Release|Any CPU
	EndGlobalSection
	GlobalSection(SolutionProperties) = preSolution
		HideSolutionNode = FALSE
	EndGlobalSection
	GlobalSection(ExtensibilityGlobals) = postSolution
		SolutionGuid = {45A83F1C-C065-482E-A6A3-9FE703362253}
	EndGlobalSection
EndGlobal
