
Microsoft Visual Studio Solution File, Format Version 12.00
# Visual Studio Version 17
VisualStudioVersion = 17.11.35312.102
MinimumVisualStudioVersion = 10.0.40219.1
Project("{FAE04EC0-301F-11D3-BF4B-00C04F79EFBC}") = "8 set 1", "8 set 1.csproj", "{E5B1D1A5-D304-4F49-AC15-A0A04AEA2DB9}"
EndProject
Global
	GlobalSection(SolutionConfigurationPlatforms) = preSolution
		Debug|Any CPU = Debug|Any CPU
		Release|Any CPU = Release|Any CPU
	EndGlobalSection
	GlobalSection(ProjectConfigurationPlatforms) = postSolution
		{E5B1D1A5-D304-4F49-AC15-A0A04AEA2DB9}.Debug|Any CPU.ActiveCfg = Debug|Any CPU
		{E5B1D1A5-D304-4F49-AC15-A0A04AEA2DB9}.Debug|Any CPU.Build.0 = Debug|Any CPU
		{E5B1D1A5-D304-4F49-AC15-A0A04AEA2DB9}.Release|Any CPU.ActiveCfg = Release|Any CPU
		{E5B1D1A5-D304-4F49-AC15-A0A04AEA2DB9}.Release|Any CPU.Build.0 = Release|Any CPU
	EndGlobalSection
	GlobalSection(SolutionProperties) = preSolution
		HideSolutionNode = FALSE
	EndGlobalSection
	GlobalSection(ExtensibilityGlobals) = postSolution
		SolutionGuid = {57471353-7815-4471-ADEE-B94E859C5BC9}
	EndGlobalSection
EndGlobal
