
Microsoft Visual Studio Solution File, Format Version 12.00
# Visual Studio Version 17
VisualStudioVersion = 17.11.35312.102
MinimumVisualStudioVersion = 10.0.40219.1
Project("{FAE04EC0-301F-11D3-BF4B-00C04F79EFBC}") = "16 set 1", "16 set 1.csproj", "{02E3F33B-2E0F-4FCC-AAA6-59403457CAA0}"
EndProject
Global
	GlobalSection(SolutionConfigurationPlatforms) = preSolution
		Debug|Any CPU = Debug|Any CPU
		Release|Any CPU = Release|Any CPU
	EndGlobalSection
	GlobalSection(ProjectConfigurationPlatforms) = postSolution
		{02E3F33B-2E0F-4FCC-AAA6-59403457CAA0}.Debug|Any CPU.ActiveCfg = Debug|Any CPU
		{02E3F33B-2E0F-4FCC-AAA6-59403457CAA0}.Debug|Any CPU.Build.0 = Debug|Any CPU
		{02E3F33B-2E0F-4FCC-AAA6-59403457CAA0}.Release|Any CPU.ActiveCfg = Release|Any CPU
		{02E3F33B-2E0F-4FCC-AAA6-59403457CAA0}.Release|Any CPU.Build.0 = Release|Any CPU
	EndGlobalSection
	GlobalSection(SolutionProperties) = preSolution
		HideSolutionNode = FALSE
	EndGlobalSection
	GlobalSection(ExtensibilityGlobals) = postSolution
		SolutionGuid = {39651960-53F7-4E1E-9B63-A1300048A6AC}
	EndGlobalSection
EndGlobal
