
Microsoft Visual Studio Solution File, Format Version 12.00
# Visual Studio Version 17
VisualStudioVersion = 17.11.35312.102
MinimumVisualStudioVersion = 10.0.40219.1
Project("{FAE04EC0-301F-11D3-BF4B-00C04F79EFBC}") = "17 set 1", "17 set 1.csproj", "{958B5518-6DC5-477A-B24A-09E8E15DD737}"
EndProject
Global
	GlobalSection(SolutionConfigurationPlatforms) = preSolution
		Debug|Any CPU = Debug|Any CPU
		Release|Any CPU = Release|Any CPU
	EndGlobalSection
	GlobalSection(ProjectConfigurationPlatforms) = postSolution
		{958B5518-6DC5-477A-B24A-09E8E15DD737}.Debug|Any CPU.ActiveCfg = Debug|Any CPU
		{958B5518-6DC5-477A-B24A-09E8E15DD737}.Debug|Any CPU.Build.0 = Debug|Any CPU
		{958B5518-6DC5-477A-B24A-09E8E15DD737}.Release|Any CPU.ActiveCfg = Release|Any CPU
		{958B5518-6DC5-477A-B24A-09E8E15DD737}.Release|Any CPU.Build.0 = Release|Any CPU
	EndGlobalSection
	GlobalSection(SolutionProperties) = preSolution
		HideSolutionNode = FALSE
	EndGlobalSection
	GlobalSection(ExtensibilityGlobals) = postSolution
		SolutionGuid = {844F8BE6-9167-4DFF-98C7-21792CAAE7AB}
	EndGlobalSection
EndGlobal
